
Microsoft Visual Studio Solution File, Format Version 12.00
# Visual Studio 15
VisualStudioVersion = 15.0.27428.2027
MinimumVisualStudioVersion = 10.0.40219.1
Project("{FAE04EC0-301F-11D3-BF4B-00C04F79EFBC}") = "App5.iOS", "App5\App5.iOS\App5.iOS.csproj", "{8CCED7BF-6FC0-456D-8709-C52F72BA885A}"
EndProject
Project("{FAE04EC0-301F-11D3-BF4B-00C04F79EFBC}") = "App5.UWP", "App5\App5.UWP\App5.UWP.csproj", "{537ED31C-B074-4148-A6D7-DC2D993D60FB}"
EndProject
Project("{FAE04EC0-301F-11D3-BF4B-00C04F79EFBC}") = "App5", "App5\App5\App5.csproj", "{2FF597CA-29AD-40BF-87C8-D817037B3914}"
EndProject
Project("{FAE04EC0-301F-11D3-BF4B-00C04F79EFBC}") = "BackgroundComponent", "BackgroundComponent\BackgroundComponent.csproj", "{DCFEB788-1007-493B-9788-F307DB1A6A6C}"
EndProject
Global
	GlobalSection(SolutionConfigurationPlatforms) = preSolution
		Ad-Hoc|Any CPU = Ad-Hoc|Any CPU
		Ad-Hoc|ARM = Ad-Hoc|ARM
		Ad-Hoc|iPhone = Ad-Hoc|iPhone
		Ad-Hoc|iPhoneSimulator = Ad-Hoc|iPhoneSimulator
		Ad-Hoc|x64 = Ad-Hoc|x64
		Ad-Hoc|x86 = Ad-Hoc|x86
		AppStore|Any CPU = AppStore|Any CPU
		AppStore|ARM = AppStore|ARM
		AppStore|iPhone = AppStore|iPhone
		AppStore|iPhoneSimulator = AppStore|iPhoneSimulator
		AppStore|x64 = AppStore|x64
		AppStore|x86 = AppStore|x86
		Debug|Any CPU = Debug|Any CPU
		Debug|ARM = Debug|ARM
		Debug|iPhone = Debug|iPhone
		Debug|iPhoneSimulator = Debug|iPhoneSimulator
		Debug|x64 = Debug|x64
		Debug|x86 = Debug|x86
		Release|Any CPU = Release|Any CPU
		Release|ARM = Release|ARM
		Release|iPhone = Release|iPhone
		Release|iPhoneSimulator = Release|iPhoneSimulator
		Release|x64 = Release|x64
		Release|x86 = Release|x86
	EndGlobalSection
	GlobalSection(ProjectConfigurationPlatforms) = postSolution
		{8CCED7BF-6FC0-456D-8709-C52F72BA885A}.Ad-Hoc|Any CPU.ActiveCfg = Ad-Hoc|iPhone
		{8CCED7BF-6FC0-456D-8709-C52F72BA885A}.Ad-Hoc|ARM.ActiveCfg = Ad-Hoc|iPhone
		{8CCED7BF-6FC0-456D-8709-C52F72BA885A}.Ad-Hoc|iPhone.ActiveCfg = Ad-Hoc|iPhone
		{8CCED7BF-6FC0-456D-8709-C52F72BA885A}.Ad-Hoc|iPhone.Build.0 = Ad-Hoc|iPhone
		{8CCED7BF-6FC0-456D-8709-C52F72BA885A}.Ad-Hoc|iPhoneSimulator.ActiveCfg = Ad-Hoc|iPhoneSimulator
		{8CCED7BF-6FC0-456D-8709-C52F72BA885A}.Ad-Hoc|iPhoneSimulator.Build.0 = Ad-Hoc|iPhoneSimulator
		{8CCED7BF-6FC0-456D-8709-C52F72BA885A}.Ad-Hoc|x64.ActiveCfg = Ad-Hoc|iPhone
		{8CCED7BF-6FC0-456D-8709-C52F72BA885A}.Ad-Hoc|x86.ActiveCfg = Ad-Hoc|iPhone
		{8CCED7BF-6FC0-456D-8709-C52F72BA885A}.AppStore|Any CPU.ActiveCfg = AppStore|iPhone
		{8CCED7BF-6FC0-456D-8709-C52F72BA885A}.AppStore|ARM.ActiveCfg = AppStore|iPhone
		{8CCED7BF-6FC0-456D-8709-C52F72BA885A}.AppStore|iPhone.ActiveCfg = AppStore|iPhone
		{8CCED7BF-6FC0-456D-8709-C52F72BA885A}.AppStore|iPhone.Build.0 = AppStore|iPhone
		{8CCED7BF-6FC0-456D-8709-C52F72BA885A}.AppStore|iPhoneSimulator.ActiveCfg = AppStore|iPhoneSimulator
		{8CCED7BF-6FC0-456D-8709-C52F72BA885A}.AppStore|iPhoneSimulator.Build.0 = AppStore|iPhoneSimulator
		{8CCED7BF-6FC0-456D-8709-C52F72BA885A}.AppStore|x64.ActiveCfg = AppStore|iPhone
		{8CCED7BF-6FC0-456D-8709-C52F72BA885A}.AppStore|x86.ActiveCfg = AppStore|iPhone
		{8CCED7BF-6FC0-456D-8709-C52F72BA885A}.Debug|Any CPU.ActiveCfg = Debug|iPhone
		{8CCED7BF-6FC0-456D-8709-C52F72BA885A}.Debug|ARM.ActiveCfg = Debug|iPhone
		{8CCED7BF-6FC0-456D-8709-C52F72BA885A}.Debug|iPhone.ActiveCfg = Debug|iPhone
		{8CCED7BF-6FC0-456D-8709-C52F72BA885A}.Debug|iPhone.Build.0 = Debug|iPhone
		{8CCED7BF-6FC0-456D-8709-C52F72BA885A}.Debug|iPhoneSimulator.ActiveCfg = Debug|iPhoneSimulator
		{8CCED7BF-6FC0-456D-8709-C52F72BA885A}.Debug|iPhoneSimulator.Build.0 = Debug|iPhoneSimulator
		{8CCED7BF-6FC0-456D-8709-C52F72BA885A}.Debug|x64.ActiveCfg = Debug|iPhone
		{8CCED7BF-6FC0-456D-8709-C52F72BA885A}.Debug|x86.ActiveCfg = Debug|iPhone
		{8CCED7BF-6FC0-456D-8709-C52F72BA885A}.Release|Any CPU.ActiveCfg = Release|iPhone
		{8CCED7BF-6FC0-456D-8709-C52F72BA885A}.Release|ARM.ActiveCfg = Release|iPhone
		{8CCED7BF-6FC0-456D-8709-C52F72BA885A}.Release|iPhone.ActiveCfg = Release|iPhone
		{8CCED7BF-6FC0-456D-8709-C52F72BA885A}.Release|iPhone.Build.0 = Release|iPhone
		{8CCED7BF-6FC0-456D-8709-C52F72BA885A}.Release|iPhoneSimulator.ActiveCfg = Release|iPhoneSimulator
		{8CCED7BF-6FC0-456D-8709-C52F72BA885A}.Release|iPhoneSimulator.Build.0 = Release|iPhoneSimulator
		{8CCED7BF-6FC0-456D-8709-C52F72BA885A}.Release|x64.ActiveCfg = Release|iPhone
		{8CCED7BF-6FC0-456D-8709-C52F72BA885A}.Release|x86.ActiveCfg = Release|iPhone
		{537ED31C-B074-4148-A6D7-DC2D993D60FB}.Ad-Hoc|Any CPU.ActiveCfg = Release|x86
		{537ED31C-B074-4148-A6D7-DC2D993D60FB}.Ad-Hoc|Any CPU.Build.0 = Release|x86
		{537ED31C-B074-4148-A6D7-DC2D993D60FB}.Ad-Hoc|Any CPU.Deploy.0 = Release|x86
		{537ED31C-B074-4148-A6D7-DC2D993D60FB}.Ad-Hoc|ARM.ActiveCfg = Release|ARM
		{537ED31C-B074-4148-A6D7-DC2D993D60FB}.Ad-Hoc|ARM.Build.0 = Release|ARM
		{537ED31C-B074-4148-A6D7-DC2D993D60FB}.Ad-Hoc|ARM.Deploy.0 = Release|ARM
		{537ED31C-B074-4148-A6D7-DC2D993D60FB}.Ad-Hoc|iPhone.ActiveCfg = Release|x86
		{537ED31C-B074-4148-A6D7-DC2D993D60FB}.Ad-Hoc|iPhone.Build.0 = Release|x86
		{537ED31C-B074-4148-A6D7-DC2D993D60FB}.Ad-Hoc|iPhone.Deploy.0 = Release|x86
		{537ED31C-B074-4148-A6D7-DC2D993D60FB}.Ad-Hoc|iPhoneSimulator.ActiveCfg = Release|x86
		{537ED31C-B074-4148-A6D7-DC2D993D60FB}.Ad-Hoc|iPhoneSimulator.Build.0 = Release|x86
		{537ED31C-B074-4148-A6D7-DC2D993D60FB}.Ad-Hoc|iPhoneSimulator.Deploy.0 = Release|x86
		{537ED31C-B074-4148-A6D7-DC2D993D60FB}.Ad-Hoc|x64.ActiveCfg = Release|x64
		{537ED31C-B074-4148-A6D7-DC2D993D60FB}.Ad-Hoc|x64.Build.0 = Release|x64
		{537ED31C-B074-4148-A6D7-DC2D993D60FB}.Ad-Hoc|x64.Deploy.0 = Release|x64
		{537ED31C-B074-4148-A6D7-DC2D993D60FB}.Ad-Hoc|x86.ActiveCfg = Release|x86
		{537ED31C-B074-4148-A6D7-DC2D993D60FB}.Ad-Hoc|x86.Build.0 = Release|x86
		{537ED31C-B074-4148-A6D7-DC2D993D60FB}.Ad-Hoc|x86.Deploy.0 = Release|x86
		{537ED31C-B074-4148-A6D7-DC2D993D60FB}.AppStore|Any CPU.ActiveCfg = Release|x86
		{537ED31C-B074-4148-A6D7-DC2D993D60FB}.AppStore|Any CPU.Build.0 = Release|x86
		{537ED31C-B074-4148-A6D7-DC2D993D60FB}.AppStore|Any CPU.Deploy.0 = Release|x86
		{537ED31C-B074-4148-A6D7-DC2D993D60FB}.AppStore|ARM.ActiveCfg = Release|ARM
		{537ED31C-B074-4148-A6D7-DC2D993D60FB}.AppStore|ARM.Build.0 = Release|ARM
		{537ED31C-B074-4148-A6D7-DC2D993D60FB}.AppStore|ARM.Deploy.0 = Release|ARM
		{537ED31C-B074-4148-A6D7-DC2D993D60FB}.AppStore|iPhone.ActiveCfg = Release|x86
		{537ED31C-B074-4148-A6D7-DC2D993D60FB}.AppStore|iPhone.Build.0 = Release|x86
		{537ED31C-B074-4148-A6D7-DC2D993D60FB}.AppStore|iPhone.Deploy.0 = Release|x86
		{537ED31C-B074-4148-A6D7-DC2D993D60FB}.AppStore|iPhoneSimulator.ActiveCfg = Release|x86
		{537ED31C-B074-4148-A6D7-DC2D993D60FB}.AppStore|iPhoneSimulator.Build.0 = Release|x86
		{537ED31C-B074-4148-A6D7-DC2D993D60FB}.AppStore|iPhoneSimulator.Deploy.0 = Release|x86
		{537ED31C-B074-4148-A6D7-DC2D993D60FB}.AppStore|x64.ActiveCfg = Release|x64
		{537ED31C-B074-4148-A6D7-DC2D993D60FB}.AppStore|x64.Build.0 = Release|x64
		{537ED31C-B074-4148-A6D7-DC2D993D60FB}.AppStore|x64.Deploy.0 = Release|x64
		{537ED31C-B074-4148-A6D7-DC2D993D60FB}.AppStore|x86.ActiveCfg = Release|x86
		{537ED31C-B074-4148-A6D7-DC2D993D60FB}.AppStore|x86.Build.0 = Release|x86
		{537ED31C-B074-4148-A6D7-DC2D993D60FB}.AppStore|x86.Deploy.0 = Release|x86
		{537ED31C-B074-4148-A6D7-DC2D993D60FB}.Debug|Any CPU.ActiveCfg = Debug|x86
		{537ED31C-B074-4148-A6D7-DC2D993D60FB}.Debug|ARM.ActiveCfg = Debug|ARM
		{537ED31C-B074-4148-A6D7-DC2D993D60FB}.Debug|ARM.Build.0 = Debug|ARM
		{537ED31C-B074-4148-A6D7-DC2D993D60FB}.Debug|ARM.Deploy.0 = Debug|ARM
		{537ED31C-B074-4148-A6D7-DC2D993D60FB}.Debug|iPhone.ActiveCfg = Debug|x86
		{537ED31C-B074-4148-A6D7-DC2D993D60FB}.Debug|iPhoneSimulator.ActiveCfg = Debug|x86
		{537ED31C-B074-4148-A6D7-DC2D993D60FB}.Debug|x64.ActiveCfg = Debug|x64
		{537ED31C-B074-4148-A6D7-DC2D993D60FB}.Debug|x64.Build.0 = Debug|x64
		{537ED31C-B074-4148-A6D7-DC2D993D60FB}.Debug|x64.Deploy.0 = Debug|x64
		{537ED31C-B074-4148-A6D7-DC2D993D60FB}.Debug|x86.ActiveCfg = Debug|x86
		{537ED31C-B074-4148-A6D7-DC2D993D60FB}.Debug|x86.Build.0 = Debug|x86
		{537ED31C-B074-4148-A6D7-DC2D993D60FB}.Debug|x86.Deploy.0 = Debug|x86
		{537ED31C-B074-4148-A6D7-DC2D993D60FB}.Release|Any CPU.ActiveCfg = Release|x86
		{537ED31C-B074-4148-A6D7-DC2D993D60FB}.Release|ARM.ActiveCfg = Release|ARM
		{537ED31C-B074-4148-A6D7-DC2D993D60FB}.Release|ARM.Build.0 = Release|ARM
		{537ED31C-B074-4148-A6D7-DC2D993D60FB}.Release|ARM.Deploy.0 = Release|ARM
		{537ED31C-B074-4148-A6D7-DC2D993D60FB}.Release|iPhone.ActiveCfg = Release|x86
		{537ED31C-B074-4148-A6D7-DC2D993D60FB}.Release|iPhoneSimulator.ActiveCfg = Release|x86
		{537ED31C-B074-4148-A6D7-DC2D993D60FB}.Release|x64.ActiveCfg = Release|x64
		{537ED31C-B074-4148-A6D7-DC2D993D60FB}.Release|x64.Build.0 = Release|x64
		{537ED31C-B074-4148-A6D7-DC2D993D60FB}.Release|x64.Deploy.0 = Release|x64
		{537ED31C-B074-4148-A6D7-DC2D993D60FB}.Release|x86.ActiveCfg = Release|x86
		{537ED31C-B074-4148-A6D7-DC2D993D60FB}.Release|x86.Build.0 = Release|x86
		{537ED31C-B074-4148-A6D7-DC2D993D60FB}.Release|x86.Deploy.0 = Release|x86
		{2FF597CA-29AD-40BF-87C8-D817037B3914}.Ad-Hoc|Any CPU.ActiveCfg = Debug|Any CPU
		{2FF597CA-29AD-40BF-87C8-D817037B3914}.Ad-Hoc|Any CPU.Build.0 = Debug|Any CPU
		{2FF597CA-29AD-40BF-87C8-D817037B3914}.Ad-Hoc|ARM.ActiveCfg = Debug|Any CPU
		{2FF597CA-29AD-40BF-87C8-D817037B3914}.Ad-Hoc|ARM.Build.0 = Debug|Any CPU
		{2FF597CA-29AD-40BF-87C8-D817037B3914}.Ad-Hoc|iPhone.ActiveCfg = Debug|Any CPU
		{2FF597CA-29AD-40BF-87C8-D817037B3914}.Ad-Hoc|iPhone.Build.0 = Debug|Any CPU
		{2FF597CA-29AD-40BF-87C8-D817037B3914}.Ad-Hoc|iPhoneSimulator.ActiveCfg = Debug|Any CPU
		{2FF597CA-29AD-40BF-87C8-D817037B3914}.Ad-Hoc|iPhoneSimulator.Build.0 = Debug|Any CPU
		{2FF597CA-29AD-40BF-87C8-D817037B3914}.Ad-Hoc|x64.ActiveCfg = Debug|Any CPU
		{2FF597CA-29AD-40BF-87C8-D817037B3914}.Ad-Hoc|x64.Build.0 = Debug|Any CPU
		{2FF597CA-29AD-40BF-87C8-D817037B3914}.Ad-Hoc|x86.ActiveCfg = Debug|Any CPU
		{2FF597CA-29AD-40BF-87C8-D817037B3914}.Ad-Hoc|x86.Build.0 = Debug|Any CPU
		{2FF597CA-29AD-40BF-87C8-D817037B3914}.AppStore|Any CPU.ActiveCfg = Debug|Any CPU
		{2FF597CA-29AD-40BF-87C8-D817037B3914}.AppStore|Any CPU.Build.0 = Debug|Any CPU
		{2FF597CA-29AD-40BF-87C8-D817037B3914}.AppStore|ARM.ActiveCfg = Debug|Any CPU
		{2FF597CA-29AD-40BF-87C8-D817037B3914}.AppStore|ARM.Build.0 = Debug|Any CPU
		{2FF597CA-29AD-40BF-87C8-D817037B3914}.AppStore|iPhone.ActiveCfg = Debug|Any CPU
		{2FF597CA-29AD-40BF-87C8-D817037B3914}.AppStore|iPhone.Build.0 = Debug|Any CPU
		{2FF597CA-29AD-40BF-87C8-D817037B3914}.AppStore|iPhoneSimulator.ActiveCfg = Debug|Any CPU
		{2FF597CA-29AD-40BF-87C8-D817037B3914}.AppStore|iPhoneSimulator.Build.0 = Debug|Any CPU
		{2FF597CA-29AD-40BF-87C8-D817037B3914}.AppStore|x64.ActiveCfg = Debug|Any CPU
		{2FF597CA-29AD-40BF-87C8-D817037B3914}.AppStore|x64.Build.0 = Debug|Any CPU
		{2FF597CA-29AD-40BF-87C8-D817037B3914}.AppStore|x86.ActiveCfg = Debug|Any CPU
		{2FF597CA-29AD-40BF-87C8-D817037B3914}.AppStore|x86.Build.0 = Debug|Any CPU
		{2FF597CA-29AD-40BF-87C8-D817037B3914}.Debug|Any CPU.ActiveCfg = Debug|Any CPU
		{2FF597CA-29AD-40BF-87C8-D817037B3914}.Debug|Any CPU.Build.0 = Debug|Any CPU
		{2FF597CA-29AD-40BF-87C8-D817037B3914}.Debug|ARM.ActiveCfg = Debug|Any CPU
		{2FF597CA-29AD-40BF-87C8-D817037B3914}.Debug|ARM.Build.0 = Debug|Any CPU
		{2FF597CA-29AD-40BF-87C8-D817037B3914}.Debug|iPhone.ActiveCfg = Debug|Any CPU
		{2FF597CA-29AD-40BF-87C8-D817037B3914}.Debug|iPhone.Build.0 = Debug|Any CPU
		{2FF597CA-29AD-40BF-87C8-D817037B3914}.Debug|iPhoneSimulator.ActiveCfg = Debug|Any CPU
		{2FF597CA-29AD-40BF-87C8-D817037B3914}.Debug|iPhoneSimulator.Build.0 = Debug|Any CPU
		{2FF597CA-29AD-40BF-87C8-D817037B3914}.Debug|x64.ActiveCfg = Debug|Any CPU
		{2FF597CA-29AD-40BF-87C8-D817037B3914}.Debug|x64.Build.0 = Debug|Any CPU
		{2FF597CA-29AD-40BF-87C8-D817037B3914}.Debug|x86.ActiveCfg = Debug|Any CPU
		{2FF597CA-29AD-40BF-87C8-D817037B3914}.Debug|x86.Build.0 = Debug|Any CPU
		{2FF597CA-29AD-40BF-87C8-D817037B3914}.Release|Any CPU.ActiveCfg = Release|Any CPU
		{2FF597CA-29AD-40BF-87C8-D817037B3914}.Release|Any CPU.Build.0 = Release|Any CPU
		{2FF597CA-29AD-40BF-87C8-D817037B3914}.Release|ARM.ActiveCfg = Release|Any CPU
		{2FF597CA-29AD-40BF-87C8-D817037B3914}.Release|ARM.Build.0 = Release|Any CPU
		{2FF597CA-29AD-40BF-87C8-D817037B3914}.Release|iPhone.ActiveCfg = Release|Any CPU
		{2FF597CA-29AD-40BF-87C8-D817037B3914}.Release|iPhone.Build.0 = Release|Any CPU
		{2FF597CA-29AD-40BF-87C8-D817037B3914}.Release|iPhoneSimulator.ActiveCfg = Release|Any CPU
		{2FF597CA-29AD-40BF-87C8-D817037B3914}.Release|iPhoneSimulator.Build.0 = Release|Any CPU
		{2FF597CA-29AD-40BF-87C8-D817037B3914}.Release|x64.ActiveCfg = Release|Any CPU
		{2FF597CA-29AD-40BF-87C8-D817037B3914}.Release|x64.Build.0 = Release|Any CPU
		{2FF597CA-29AD-40BF-87C8-D817037B3914}.Release|x86.ActiveCfg = Release|Any CPU
		{2FF597CA-29AD-40BF-87C8-D817037B3914}.Release|x86.Build.0 = Release|Any CPU
		{DCFEB788-1007-493B-9788-F307DB1A6A6C}.Ad-Hoc|Any CPU.ActiveCfg = Release|Any CPU
		{DCFEB788-1007-493B-9788-F307DB1A6A6C}.Ad-Hoc|Any CPU.Build.0 = Release|Any CPU
		{DCFEB788-1007-493B-9788-F307DB1A6A6C}.Ad-Hoc|ARM.ActiveCfg = Release|ARM
		{DCFEB788-1007-493B-9788-F307DB1A6A6C}.Ad-Hoc|ARM.Build.0 = Release|ARM
		{DCFEB788-1007-493B-9788-F307DB1A6A6C}.Ad-Hoc|iPhone.ActiveCfg = Release|Any CPU
		{DCFEB788-1007-493B-9788-F307DB1A6A6C}.Ad-Hoc|iPhone.Build.0 = Release|Any CPU
		{DCFEB788-1007-493B-9788-F307DB1A6A6C}.Ad-Hoc|iPhoneSimulator.ActiveCfg = Release|Any CPU
		{DCFEB788-1007-493B-9788-F307DB1A6A6C}.Ad-Hoc|iPhoneSimulator.Build.0 = Release|Any CPU
		{DCFEB788-1007-493B-9788-F307DB1A6A6C}.Ad-Hoc|x64.ActiveCfg = Release|x64
		{DCFEB788-1007-493B-9788-F307DB1A6A6C}.Ad-Hoc|x64.Build.0 = Release|x64
		{DCFEB788-1007-493B-9788-F307DB1A6A6C}.Ad-Hoc|x86.ActiveCfg = Release|x86
		{DCFEB788-1007-493B-9788-F307DB1A6A6C}.Ad-Hoc|x86.Build.0 = Release|x86
		{DCFEB788-1007-493B-9788-F307DB1A6A6C}.AppStore|Any CPU.ActiveCfg = Release|Any CPU
		{DCFEB788-1007-493B-9788-F307DB1A6A6C}.AppStore|Any CPU.Build.0 = Release|Any CPU
		{DCFEB788-1007-493B-9788-F307DB1A6A6C}.AppStore|ARM.ActiveCfg = Release|ARM
		{DCFEB788-1007-493B-9788-F307DB1A6A6C}.AppStore|ARM.Build.0 = Release|ARM
		{DCFEB788-1007-493B-9788-F307DB1A6A6C}.AppStore|iPhone.ActiveCfg = Release|Any CPU
		{DCFEB788-1007-493B-9788-F307DB1A6A6C}.AppStore|iPhone.Build.0 = Release|Any CPU
		{DCFEB788-1007-493B-9788-F307DB1A6A6C}.AppStore|iPhoneSimulator.ActiveCfg = Release|Any CPU
		{DCFEB788-1007-493B-9788-F307DB1A6A6C}.AppStore|iPhoneSimulator.Build.0 = Release|Any CPU
		{DCFEB788-1007-493B-9788-F307DB1A6A6C}.AppStore|x64.ActiveCfg = Release|x64
		{DCFEB788-1007-493B-9788-F307DB1A6A6C}.AppStore|x64.Build.0 = Release|x64
		{DCFEB788-1007-493B-9788-F307DB1A6A6C}.AppStore|x86.ActiveCfg = Release|x86
		{DCFEB788-1007-493B-9788-F307DB1A6A6C}.AppStore|x86.Build.0 = Release|x86
		{DCFEB788-1007-493B-9788-F307DB1A6A6C}.Debug|Any CPU.ActiveCfg = Debug|Any CPU
		{DCFEB788-1007-493B-9788-F307DB1A6A6C}.Debug|Any CPU.Build.0 = Debug|Any CPU
		{DCFEB788-1007-493B-9788-F307DB1A6A6C}.Debug|ARM.ActiveCfg = Debug|ARM
		{DCFEB788-1007-493B-9788-F307DB1A6A6C}.Debug|ARM.Build.0 = Debug|ARM
		{DCFEB788-1007-493B-9788-F307DB1A6A6C}.Debug|iPhone.ActiveCfg = Debug|Any CPU
		{DCFEB788-1007-493B-9788-F307DB1A6A6C}.Debug|iPhone.Build.0 = Debug|Any CPU
		{DCFEB788-1007-493B-9788-F307DB1A6A6C}.Debug|iPhoneSimulator.ActiveCfg = Debug|Any CPU
		{DCFEB788-1007-493B-9788-F307DB1A6A6C}.Debug|iPhoneSimulator.Build.0 = Debug|Any CPU
		{DCFEB788-1007-493B-9788-F307DB1A6A6C}.Debug|x64.ActiveCfg = Debug|x64
		{DCFEB788-1007-493B-9788-F307DB1A6A6C}.Debug|x64.Build.0 = Debug|x64
		{DCFEB788-1007-493B-9788-F307DB1A6A6C}.Debug|x86.ActiveCfg = Debug|x86
		{DCFEB788-1007-493B-9788-F307DB1A6A6C}.Debug|x86.Build.0 = Debug|x86
		{DCFEB788-1007-493B-9788-F307DB1A6A6C}.Release|Any CPU.ActiveCfg = Release|Any CPU
		{DCFEB788-1007-493B-9788-F307DB1A6A6C}.Release|Any CPU.Build.0 = Release|Any CPU
		{DCFEB788-1007-493B-9788-F307DB1A6A6C}.Release|ARM.ActiveCfg = Release|ARM
		{DCFEB788-1007-493B-9788-F307DB1A6A6C}.Release|ARM.Build.0 = Release|ARM
		{DCFEB788-1007-493B-9788-F307DB1A6A6C}.Release|iPhone.ActiveCfg = Release|Any CPU
		{DCFEB788-1007-493B-9788-F307DB1A6A6C}.Release|iPhone.Build.0 = Release|Any CPU
		{DCFEB788-1007-493B-9788-F307DB1A6A6C}.Release|iPhoneSimulator.ActiveCfg = Release|Any CPU
		{DCFEB788-1007-493B-9788-F307DB1A6A6C}.Release|iPhoneSimulator.Build.0 = Release|Any CPU
		{DCFEB788-1007-493B-9788-F307DB1A6A6C}.Release|x64.ActiveCfg = Release|x64
		{DCFEB788-1007-493B-9788-F307DB1A6A6C}.Release|x64.Build.0 = Release|x64
		{DCFEB788-1007-493B-9788-F307DB1A6A6C}.Release|x86.ActiveCfg = Release|x86
		{DCFEB788-1007-493B-9788-F307DB1A6A6C}.Release|x86.Build.0 = Release|x86
	EndGlobalSection
	GlobalSection(SolutionProperties) = preSolution
		HideSolutionNode = FALSE
	EndGlobalSection
	GlobalSection(ExtensibilityGlobals) = postSolution
		SolutionGuid = {0BB7A694-1E95-479F-AB90-2EECCBE4936F}
	EndGlobalSection
EndGlobal
